
Microsoft Visual Studio Solution File, Format Version 12.00
# Visual Studio Version 17
VisualStudioVersion = 17.5.33530.505
MinimumVisualStudioVersion = 10.0.40219.1
Project("{FAE04EC0-301F-11D3-BF4B-00C04F79EFBC}") = "todolist", "todolist.csproj", "{2762F00A-2546-47D8-BE38-AA614C86F5ED}"
EndProject
Global
	GlobalSection(SolutionConfigurationPlatforms) = preSolution
		Debug|Any CPU = Debug|Any CPU
		Release|Any CPU = Release|Any CPU
	EndGlobalSection
	GlobalSection(ProjectConfigurationPlatforms) = postSolution
		{2762F00A-2546-47D8-BE38-AA614C86F5ED}.Debug|Any CPU.ActiveCfg = Debug|Any CPU
		{2762F00A-2546-47D8-BE38-AA614C86F5ED}.Debug|Any CPU.Build.0 = Debug|Any CPU
		{2762F00A-2546-47D8-BE38-AA614C86F5ED}.Release|Any CPU.ActiveCfg = Release|Any CPU
		{2762F00A-2546-47D8-BE38-AA614C86F5ED}.Release|Any CPU.Build.0 = Release|Any CPU
	EndGlobalSection
	GlobalSection(SolutionProperties) = preSolution
		HideSolutionNode = FALSE
	EndGlobalSection
	GlobalSection(ExtensibilityGlobals) = postSolution
		SolutionGuid = {B2A47132-470A-4C8D-8497-7106D5533048}
	EndGlobalSection
EndGlobal
